
Microsoft Visual Studio Solution File, Format Version 12.00
# Visual Studio Version 16
VisualStudioVersion = 16.0.31112.23
MinimumVisualStudioVersion = 10.0.40219.1
Project("{FAE04EC0-301F-11D3-BF4B-00C04F79EFBC}") = "WebApplication1", "WebApplication1\WebApplication1.csproj", "{D9CE6D91-F9F0-49E1-8BF6-1BEDBD799360}"
EndProject
Global
	GlobalSection(SolutionConfigurationPlatforms) = preSolution
		Debug|Any CPU = Debug|Any CPU
		Release|Any CPU = Release|Any CPU
	EndGlobalSection
	GlobalSection(ProjectConfigurationPlatforms) = postSolution
		{D9CE6D91-F9F0-49E1-8BF6-1BEDBD799360}.Debug|Any CPU.ActiveCfg = Debug|Any CPU
		{D9CE6D91-F9F0-49E1-8BF6-1BEDBD799360}.Debug|Any CPU.Build.0 = Debug|Any CPU
		{D9CE6D91-F9F0-49E1-8BF6-1BEDBD799360}.Release|Any CPU.ActiveCfg = Release|Any CPU
		{D9CE6D91-F9F0-49E1-8BF6-1BEDBD799360}.Release|Any CPU.Build.0 = Release|Any CPU
	EndGlobalSection
	GlobalSection(SolutionProperties) = preSolution
		HideSolutionNode = FALSE
	EndGlobalSection
	GlobalSection(ExtensibilityGlobals) = postSolution
		SolutionGuid = {EE3E149E-E0F3-491D-9CF6-85D0C7953B0C}
	EndGlobalSection
EndGlobal
